
Microsoft Visual Studio Solution File, Format Version 12.00
# Visual Studio 15
VisualStudioVersion = 15.0.27004.2009
MinimumVisualStudioVersion = 10.0.40219.1
Project("{FAE04EC0-301F-11D3-BF4B-00C04F79EFBC}") = "ColorPalette.Api", "ColorPalette.Api\ColorPalette.Api.csproj", "{07FEE88C-C5C6-43BA-9F71-6797EAEFE829}"
EndProject
Project("{FAE04EC0-301F-11D3-BF4B-00C04F79EFBC}") = "ColorPalette.Services", "ColorPalette.Services\ColorPalette.Services.csproj", "{CEDC54D0-07FE-40EB-A588-E2F53F3575D7}"
EndProject
Project("{FAE04EC0-301F-11D3-BF4B-00C04F79EFBC}") = "ColorPalette.Repositories", "ColorPalette.Repositories\ColorPalette.Repositories.csproj", "{FC25E393-5F9A-4BFE-898F-75E5C1B53598}"
EndProject
Project("{FAE04EC0-301F-11D3-BF4B-00C04F79EFBC}") = "ColorPalette.Objects", "ColorPalette.Objects\ColorPalette.Objects.csproj", "{29F421CC-3BB6-4E3C-86B6-69F607F2E3BB}"
EndProject
Global
	GlobalSection(SolutionConfigurationPlatforms) = preSolution
		Debug|Any CPU = Debug|Any CPU
		Release|Any CPU = Release|Any CPU
	EndGlobalSection
	GlobalSection(ProjectConfigurationPlatforms) = postSolution
		{07FEE88C-C5C6-43BA-9F71-6797EAEFE829}.Debug|Any CPU.ActiveCfg = Debug|Any CPU
		{07FEE88C-C5C6-43BA-9F71-6797EAEFE829}.Debug|Any CPU.Build.0 = Debug|Any CPU
		{07FEE88C-C5C6-43BA-9F71-6797EAEFE829}.Release|Any CPU.ActiveCfg = Release|Any CPU
		{07FEE88C-C5C6-43BA-9F71-6797EAEFE829}.Release|Any CPU.Build.0 = Release|Any CPU
		{CEDC54D0-07FE-40EB-A588-E2F53F3575D7}.Debug|Any CPU.ActiveCfg = Debug|Any CPU
		{CEDC54D0-07FE-40EB-A588-E2F53F3575D7}.Debug|Any CPU.Build.0 = Debug|Any CPU
		{CEDC54D0-07FE-40EB-A588-E2F53F3575D7}.Release|Any CPU.ActiveCfg = Release|Any CPU
		{CEDC54D0-07FE-40EB-A588-E2F53F3575D7}.Release|Any CPU.Build.0 = Release|Any CPU
		{FC25E393-5F9A-4BFE-898F-75E5C1B53598}.Debug|Any CPU.ActiveCfg = Debug|Any CPU
		{FC25E393-5F9A-4BFE-898F-75E5C1B53598}.Debug|Any CPU.Build.0 = Debug|Any CPU
		{FC25E393-5F9A-4BFE-898F-75E5C1B53598}.Release|Any CPU.ActiveCfg = Release|Any CPU
		{FC25E393-5F9A-4BFE-898F-75E5C1B53598}.Release|Any CPU.Build.0 = Release|Any CPU
		{29F421CC-3BB6-4E3C-86B6-69F607F2E3BB}.Debug|Any CPU.ActiveCfg = Debug|Any CPU
		{29F421CC-3BB6-4E3C-86B6-69F607F2E3BB}.Debug|Any CPU.Build.0 = Debug|Any CPU
		{29F421CC-3BB6-4E3C-86B6-69F607F2E3BB}.Release|Any CPU.ActiveCfg = Release|Any CPU
		{29F421CC-3BB6-4E3C-86B6-69F607F2E3BB}.Release|Any CPU.Build.0 = Release|Any CPU
	EndGlobalSection
	GlobalSection(SolutionProperties) = preSolution
		HideSolutionNode = FALSE
	EndGlobalSection
	GlobalSection(ExtensibilityGlobals) = postSolution
		SolutionGuid = {683FEE65-AB62-43DA-B5E5-A6D2F1092BD9}
	EndGlobalSection
EndGlobal
